
Microsoft Visual Studio Solution File, Format Version 11.00
# Visual C# Express 2010
Project("{FAE04EC0-301F-11D3-BF4B-00C04F79EFBC}") = "BEPUphysicsDemos (Windows)", "BEPUphysicsDemos\BEPUphysicsDemos (Windows).csproj", "{88DF0CE8-EC11-4142-8AD1-D76B44BA2AC6}"
EndProject
Project("{FAE04EC0-301F-11D3-BF4B-00C04F79EFBC}") = "Content (Demos)", "BEPUphysicsDemos\Content\Content (Demos).contentproj", "{539A4D89-502A-44CB-831D-F2E8DF1BCEFA}"
EndProject
Project("{FAE04EC0-301F-11D3-BF4B-00C04F79EFBC}") = "BEPUphysics (Windows)", "BEPUphysics\BEPUphysics (Windows).csproj", "{70C902D7-A0EB-4653-86D5-B5858E33A11E}"
EndProject
Project("{FAE04EC0-301F-11D3-BF4B-00C04F79EFBC}") = "BEPUutilities (Windows)", "BEPUutilities\BEPUutilities (Windows).csproj", "{12321AA0-8A85-47E3-A14E-14057385E201}"
EndProject
Project("{FAE04EC0-301F-11D3-BF4B-00C04F79EFBC}") = "ConversionHelper (Windows)", "ConversionHelper\ConversionHelper (Windows).csproj", "{AB88C32A-7534-4436-B5F2-E29B57BD3066}"
EndProject
Project("{FAE04EC0-301F-11D3-BF4B-00C04F79EFBC}") = "BEPUphysicsDrawer (Windows)", "BEPUphysicsDrawer\BEPUphysicsDrawer (Windows).csproj", "{00A56804-8CBD-4C74-8B52-46705B3E973A}"
EndProject
Project("{FAE04EC0-301F-11D3-BF4B-00C04F79EFBC}") = "Content (Drawer)", "BEPUphysicsDrawer\Content\Content (Drawer).contentproj", "{64E3831F-DA16-49F7-B293-4EA154E7D9CB}"
EndProject
Project("{FAE04EC0-301F-11D3-BF4B-00C04F79EFBC}") = "BEPUik (Windows)", "BEPUik\BEPUik (Windows).csproj", "{372C7B43-0D71-4B2A-BB07-22BBEF77F26D}"
EndProject
Project("{FAE04EC0-301F-11D3-BF4B-00C04F79EFBC}") = "BEPUutilities (Xbox 360)", "BEPUutilities\BEPUutilities (Xbox 360).csproj", "{917EE545-2212-4CF8-8986-4AAE3D276AB1}"
EndProject
Project("{FAE04EC0-301F-11D3-BF4B-00C04F79EFBC}") = "BEPUphysics (Xbox 360)", "BEPUphysics\BEPUphysics (Xbox 360).csproj", "{64E07EBC-58C1-417F-8DF2-A254DE9B9516}"
EndProject
Project("{FAE04EC0-301F-11D3-BF4B-00C04F79EFBC}") = "BEPUik (Xbox 360)", "BEPUik\BEPUik (Xbox 360).csproj", "{9899016C-1BAA-4082-B5F3-9C7965D3D1D0}"
EndProject
Project("{FAE04EC0-301F-11D3-BF4B-00C04F79EFBC}") = "ConversionHelper (Xbox 360)", "ConversionHelper\ConversionHelper (Xbox 360).csproj", "{173BA789-E626-4CFA-BC92-FE949C6D8525}"
EndProject
Project("{FAE04EC0-301F-11D3-BF4B-00C04F79EFBC}") = "BEPUphysicsDrawer (Xbox 360)", "BEPUphysicsDrawer\BEPUphysicsDrawer (Xbox 360).csproj", "{E136A751-64DF-40EA-9B5E-0E6183164FFC}"
EndProject
Project("{FAE04EC0-301F-11D3-BF4B-00C04F79EFBC}") = "BEPUphysicsDemos (Xbox 360)", "BEPUphysicsDemos\BEPUphysicsDemos (Xbox 360).csproj", "{30D55EF9-F9A0-4EF8-B18A-3173EE1676B4}"
EndProject
Global
	GlobalSection(SolutionConfigurationPlatforms) = preSolution
		Debug|Any CPU = Debug|Any CPU
		Debug|Mixed Platforms = Debug|Mixed Platforms
		Debug|x86 = Debug|x86
		Debug|Xbox 360 = Debug|Xbox 360
		Release|Any CPU = Release|Any CPU
		Release|Mixed Platforms = Release|Mixed Platforms
		Release|x86 = Release|x86
		Release|Xbox 360 = Release|Xbox 360
	EndGlobalSection
	GlobalSection(ProjectConfigurationPlatforms) = postSolution
		{88DF0CE8-EC11-4142-8AD1-D76B44BA2AC6}.Debug|Any CPU.ActiveCfg = Debug|x86
		{88DF0CE8-EC11-4142-8AD1-D76B44BA2AC6}.Debug|Mixed Platforms.ActiveCfg = Debug|x86
		{88DF0CE8-EC11-4142-8AD1-D76B44BA2AC6}.Debug|Mixed Platforms.Build.0 = Debug|x86
		{88DF0CE8-EC11-4142-8AD1-D76B44BA2AC6}.Debug|x86.ActiveCfg = Debug|x86
		{88DF0CE8-EC11-4142-8AD1-D76B44BA2AC6}.Debug|x86.Build.0 = Debug|x86
		{88DF0CE8-EC11-4142-8AD1-D76B44BA2AC6}.Debug|Xbox 360.ActiveCfg = Debug|x86
		{88DF0CE8-EC11-4142-8AD1-D76B44BA2AC6}.Debug|Xbox 360.Build.0 = Debug|x86
		{88DF0CE8-EC11-4142-8AD1-D76B44BA2AC6}.Release|Any CPU.ActiveCfg = Release|x86
		{88DF0CE8-EC11-4142-8AD1-D76B44BA2AC6}.Release|Mixed Platforms.ActiveCfg = Release|x86
		{88DF0CE8-EC11-4142-8AD1-D76B44BA2AC6}.Release|Mixed Platforms.Build.0 = Release|x86
		{88DF0CE8-EC11-4142-8AD1-D76B44BA2AC6}.Release|x86.ActiveCfg = Release|x86
		{88DF0CE8-EC11-4142-8AD1-D76B44BA2AC6}.Release|x86.Build.0 = Release|x86
		{88DF0CE8-EC11-4142-8AD1-D76B44BA2AC6}.Release|Xbox 360.ActiveCfg = Release|x86
		{88DF0CE8-EC11-4142-8AD1-D76B44BA2AC6}.Release|Xbox 360.Build.0 = Release|x86
		{539A4D89-502A-44CB-831D-F2E8DF1BCEFA}.Debug|Any CPU.ActiveCfg = Debug|x86
		{539A4D89-502A-44CB-831D-F2E8DF1BCEFA}.Debug|Mixed Platforms.ActiveCfg = Debug|x86
		{539A4D89-502A-44CB-831D-F2E8DF1BCEFA}.Debug|x86.ActiveCfg = Debug|x86
		{539A4D89-502A-44CB-831D-F2E8DF1BCEFA}.Debug|Xbox 360.ActiveCfg = Debug|x86
		{539A4D89-502A-44CB-831D-F2E8DF1BCEFA}.Release|Any CPU.ActiveCfg = Release|x86
		{539A4D89-502A-44CB-831D-F2E8DF1BCEFA}.Release|Mixed Platforms.ActiveCfg = Release|x86
		{539A4D89-502A-44CB-831D-F2E8DF1BCEFA}.Release|x86.ActiveCfg = Release|x86
		{539A4D89-502A-44CB-831D-F2E8DF1BCEFA}.Release|Xbox 360.ActiveCfg = Release|x86
		{70C902D7-A0EB-4653-86D5-B5858E33A11E}.Debug|Any CPU.ActiveCfg = Debug|x86
		{70C902D7-A0EB-4653-86D5-B5858E33A11E}.Debug|Mixed Platforms.ActiveCfg = Debug|x86
		{70C902D7-A0EB-4653-86D5-B5858E33A11E}.Debug|Mixed Platforms.Build.0 = Debug|x86
		{70C902D7-A0EB-4653-86D5-B5858E33A11E}.Debug|x86.ActiveCfg = Debug|x86
		{70C902D7-A0EB-4653-86D5-B5858E33A11E}.Debug|x86.Build.0 = Debug|x86
		{70C902D7-A0EB-4653-86D5-B5858E33A11E}.Debug|Xbox 360.ActiveCfg = Debug|x86
		{70C902D7-A0EB-4653-86D5-B5858E33A11E}.Debug|Xbox 360.Build.0 = Debug|x86
		{70C902D7-A0EB-4653-86D5-B5858E33A11E}.Release|Any CPU.ActiveCfg = Release|x86
		{70C902D7-A0EB-4653-86D5-B5858E33A11E}.Release|Mixed Platforms.ActiveCfg = Release|x86
		{70C902D7-A0EB-4653-86D5-B5858E33A11E}.Release|Mixed Platforms.Build.0 = Release|x86
		{70C902D7-A0EB-4653-86D5-B5858E33A11E}.Release|x86.ActiveCfg = Release|x86
		{70C902D7-A0EB-4653-86D5-B5858E33A11E}.Release|x86.Build.0 = Release|x86
		{70C902D7-A0EB-4653-86D5-B5858E33A11E}.Release|Xbox 360.ActiveCfg = Release|x86
		{70C902D7-A0EB-4653-86D5-B5858E33A11E}.Release|Xbox 360.Build.0 = Release|x86
		{12321AA0-8A85-47E3-A14E-14057385E201}.Debug|Any CPU.ActiveCfg = Debug|x86
		{12321AA0-8A85-47E3-A14E-14057385E201}.Debug|Mixed Platforms.ActiveCfg = Debug|x86
		{12321AA0-8A85-47E3-A14E-14057385E201}.Debug|Mixed Platforms.Build.0 = Debug|x86
		{12321AA0-8A85-47E3-A14E-14057385E201}.Debug|x86.ActiveCfg = Debug|x86
		{12321AA0-8A85-47E3-A14E-14057385E201}.Debug|x86.Build.0 = Debug|x86
		{12321AA0-8A85-47E3-A14E-14057385E201}.Debug|Xbox 360.ActiveCfg = Debug|x86
		{12321AA0-8A85-47E3-A14E-14057385E201}.Debug|Xbox 360.Build.0 = Debug|x86
		{12321AA0-8A85-47E3-A14E-14057385E201}.Release|Any CPU.ActiveCfg = Release|x86
		{12321AA0-8A85-47E3-A14E-14057385E201}.Release|Mixed Platforms.ActiveCfg = Release|x86
		{12321AA0-8A85-47E3-A14E-14057385E201}.Release|Mixed Platforms.Build.0 = Release|x86
		{12321AA0-8A85-47E3-A14E-14057385E201}.Release|x86.ActiveCfg = Release|x86
		{12321AA0-8A85-47E3-A14E-14057385E201}.Release|x86.Build.0 = Release|x86
		{12321AA0-8A85-47E3-A14E-14057385E201}.Release|Xbox 360.ActiveCfg = Release|x86
		{12321AA0-8A85-47E3-A14E-14057385E201}.Release|Xbox 360.Build.0 = Release|x86
		{AB88C32A-7534-4436-B5F2-E29B57BD3066}.Debug|Any CPU.ActiveCfg = Debug|x86
		{AB88C32A-7534-4436-B5F2-E29B57BD3066}.Debug|Mixed Platforms.ActiveCfg = Debug|x86
		{AB88C32A-7534-4436-B5F2-E29B57BD3066}.Debug|Mixed Platforms.Build.0 = Debug|x86
		{AB88C32A-7534-4436-B5F2-E29B57BD3066}.Debug|x86.ActiveCfg = Debug|x86
		{AB88C32A-7534-4436-B5F2-E29B57BD3066}.Debug|x86.Build.0 = Debug|x86
		{AB88C32A-7534-4436-B5F2-E29B57BD3066}.Debug|Xbox 360.ActiveCfg = Debug|x86
		{AB88C32A-7534-4436-B5F2-E29B57BD3066}.Debug|Xbox 360.Build.0 = Debug|x86
		{AB88C32A-7534-4436-B5F2-E29B57BD3066}.Release|Any CPU.ActiveCfg = Release|x86
		{AB88C32A-7534-4436-B5F2-E29B57BD3066}.Release|Mixed Platforms.ActiveCfg = Release|x86
		{AB88C32A-7534-4436-B5F2-E29B57BD3066}.Release|Mixed Platforms.Build.0 = Release|x86
		{AB88C32A-7534-4436-B5F2-E29B57BD3066}.Release|x86.ActiveCfg = Release|x86
		{AB88C32A-7534-4436-B5F2-E29B57BD3066}.Release|x86.Build.0 = Release|x86
		{AB88C32A-7534-4436-B5F2-E29B57BD3066}.Release|Xbox 360.ActiveCfg = Release|x86
		{AB88C32A-7534-4436-B5F2-E29B57BD3066}.Release|Xbox 360.Build.0 = Release|x86
		{00A56804-8CBD-4C74-8B52-46705B3E973A}.Debug|Any CPU.ActiveCfg = Debug|x86
		{00A56804-8CBD-4C74-8B52-46705B3E973A}.Debug|Mixed Platforms.ActiveCfg = Debug|x86
		{00A56804-8CBD-4C74-8B52-46705B3E973A}.Debug|Mixed Platforms.Build.0 = Debug|x86
		{00A56804-8CBD-4C74-8B52-46705B3E973A}.Debug|x86.ActiveCfg = Debug|x86
		{00A56804-8CBD-4C74-8B52-46705B3E973A}.Debug|x86.Build.0 = Debug|x86
		{00A56804-8CBD-4C74-8B52-46705B3E973A}.Debug|Xbox 360.ActiveCfg = Debug|x86
		{00A56804-8CBD-4C74-8B52-46705B3E973A}.Debug|Xbox 360.Build.0 = Debug|x86
		{00A56804-8CBD-4C74-8B52-46705B3E973A}.Release|Any CPU.ActiveCfg = Release|x86
		{00A56804-8CBD-4C74-8B52-46705B3E973A}.Release|Mixed Platforms.ActiveCfg = Release|x86
		{00A56804-8CBD-4C74-8B52-46705B3E973A}.Release|Mixed Platforms.Build.0 = Release|x86
		{00A56804-8CBD-4C74-8B52-46705B3E973A}.Release|x86.ActiveCfg = Release|x86
		{00A56804-8CBD-4C74-8B52-46705B3E973A}.Release|x86.Build.0 = Release|x86
		{00A56804-8CBD-4C74-8B52-46705B3E973A}.Release|Xbox 360.ActiveCfg = Release|x86
		{00A56804-8CBD-4C74-8B52-46705B3E973A}.Release|Xbox 360.Build.0 = Release|x86
		{64E3831F-DA16-49F7-B293-4EA154E7D9CB}.Debug|Any CPU.ActiveCfg = Debug|Any CPU
		{64E3831F-DA16-49F7-B293-4EA154E7D9CB}.Debug|Mixed Platforms.ActiveCfg = Debug|Any CPU
		{64E3831F-DA16-49F7-B293-4EA154E7D9CB}.Debug|x86.ActiveCfg = Debug|Any CPU
		{64E3831F-DA16-49F7-B293-4EA154E7D9CB}.Debug|Xbox 360.ActiveCfg = Debug|Any CPU
		{64E3831F-DA16-49F7-B293-4EA154E7D9CB}.Release|Any CPU.ActiveCfg = Debug|Any CPU
		{64E3831F-DA16-49F7-B293-4EA154E7D9CB}.Release|Mixed Platforms.ActiveCfg = Debug|Any CPU
		{64E3831F-DA16-49F7-B293-4EA154E7D9CB}.Release|x86.ActiveCfg = Debug|Any CPU
		{64E3831F-DA16-49F7-B293-4EA154E7D9CB}.Release|Xbox 360.ActiveCfg = Debug|Any CPU
		{372C7B43-0D71-4B2A-BB07-22BBEF77F26D}.Debug|Any CPU.ActiveCfg = Debug|x86
		{372C7B43-0D71-4B2A-BB07-22BBEF77F26D}.Debug|Mixed Platforms.ActiveCfg = Debug|x86
		{372C7B43-0D71-4B2A-BB07-22BBEF77F26D}.Debug|Mixed Platforms.Build.0 = Debug|x86
		{372C7B43-0D71-4B2A-BB07-22BBEF77F26D}.Debug|x86.ActiveCfg = Debug|x86
		{372C7B43-0D71-4B2A-BB07-22BBEF77F26D}.Debug|x86.Build.0 = Debug|x86
		{372C7B43-0D71-4B2A-BB07-22BBEF77F26D}.Debug|Xbox 360.ActiveCfg = Debug|x86
		{372C7B43-0D71-4B2A-BB07-22BBEF77F26D}.Debug|Xbox 360.Build.0 = Debug|x86
		{372C7B43-0D71-4B2A-BB07-22BBEF77F26D}.Release|Any CPU.ActiveCfg = Release|x86
		{372C7B43-0D71-4B2A-BB07-22BBEF77F26D}.Release|Mixed Platforms.ActiveCfg = Release|x86
		{372C7B43-0D71-4B2A-BB07-22BBEF77F26D}.Release|Mixed Platforms.Build.0 = Release|x86
		{372C7B43-0D71-4B2A-BB07-22BBEF77F26D}.Release|x86.ActiveCfg = Release|x86
		{372C7B43-0D71-4B2A-BB07-22BBEF77F26D}.Release|x86.Build.0 = Release|x86
		{372C7B43-0D71-4B2A-BB07-22BBEF77F26D}.Release|Xbox 360.ActiveCfg = Release|x86
		{372C7B43-0D71-4B2A-BB07-22BBEF77F26D}.Release|Xbox 360.Build.0 = Release|x86
		{917EE545-2212-4CF8-8986-4AAE3D276AB1}.Debug|Any CPU.ActiveCfg = Debug|Xbox 360
		{917EE545-2212-4CF8-8986-4AAE3D276AB1}.Debug|Mixed Platforms.ActiveCfg = Debug|Xbox 360
		{917EE545-2212-4CF8-8986-4AAE3D276AB1}.Debug|Mixed Platforms.Build.0 = Debug|Xbox 360
		{917EE545-2212-4CF8-8986-4AAE3D276AB1}.Debug|x86.ActiveCfg = Debug|Xbox 360
		{917EE545-2212-4CF8-8986-4AAE3D276AB1}.Debug|Xbox 360.ActiveCfg = Debug|Xbox 360
		{917EE545-2212-4CF8-8986-4AAE3D276AB1}.Debug|Xbox 360.Build.0 = Debug|Xbox 360
		{917EE545-2212-4CF8-8986-4AAE3D276AB1}.Release|Any CPU.ActiveCfg = Release|Xbox 360
		{917EE545-2212-4CF8-8986-4AAE3D276AB1}.Release|Mixed Platforms.ActiveCfg = Release|Xbox 360
		{917EE545-2212-4CF8-8986-4AAE3D276AB1}.Release|Mixed Platforms.Build.0 = Release|Xbox 360
		{917EE545-2212-4CF8-8986-4AAE3D276AB1}.Release|x86.ActiveCfg = Release|Xbox 360
		{917EE545-2212-4CF8-8986-4AAE3D276AB1}.Release|Xbox 360.ActiveCfg = Release|Xbox 360
		{917EE545-2212-4CF8-8986-4AAE3D276AB1}.Release|Xbox 360.Build.0 = Release|Xbox 360
		{64E07EBC-58C1-417F-8DF2-A254DE9B9516}.Debug|Any CPU.ActiveCfg = Debug|Xbox 360
		{64E07EBC-58C1-417F-8DF2-A254DE9B9516}.Debug|Mixed Platforms.ActiveCfg = Debug|Xbox 360
		{64E07EBC-58C1-417F-8DF2-A254DE9B9516}.Debug|Mixed Platforms.Build.0 = Debug|Xbox 360
		{64E07EBC-58C1-417F-8DF2-A254DE9B9516}.Debug|x86.ActiveCfg = Debug|Xbox 360
		{64E07EBC-58C1-417F-8DF2-A254DE9B9516}.Debug|Xbox 360.ActiveCfg = Debug|Xbox 360
		{64E07EBC-58C1-417F-8DF2-A254DE9B9516}.Debug|Xbox 360.Build.0 = Debug|Xbox 360
		{64E07EBC-58C1-417F-8DF2-A254DE9B9516}.Release|Any CPU.ActiveCfg = Release|Xbox 360
		{64E07EBC-58C1-417F-8DF2-A254DE9B9516}.Release|Mixed Platforms.ActiveCfg = Release|Xbox 360
		{64E07EBC-58C1-417F-8DF2-A254DE9B9516}.Release|Mixed Platforms.Build.0 = Release|Xbox 360
		{64E07EBC-58C1-417F-8DF2-A254DE9B9516}.Release|x86.ActiveCfg = Release|Xbox 360
		{64E07EBC-58C1-417F-8DF2-A254DE9B9516}.Release|Xbox 360.ActiveCfg = Release|Xbox 360
		{64E07EBC-58C1-417F-8DF2-A254DE9B9516}.Release|Xbox 360.Build.0 = Release|Xbox 360
		{9899016C-1BAA-4082-B5F3-9C7965D3D1D0}.Debug|Any CPU.ActiveCfg = Debug|Xbox 360
		{9899016C-1BAA-4082-B5F3-9C7965D3D1D0}.Debug|Mixed Platforms.ActiveCfg = Debug|Xbox 360
		{9899016C-1BAA-4082-B5F3-9C7965D3D1D0}.Debug|Mixed Platforms.Build.0 = Debug|Xbox 360
		{9899016C-1BAA-4082-B5F3-9C7965D3D1D0}.Debug|x86.ActiveCfg = Debug|Xbox 360
		{9899016C-1BAA-4082-B5F3-9C7965D3D1D0}.Debug|Xbox 360.ActiveCfg = Debug|Xbox 360
		{9899016C-1BAA-4082-B5F3-9C7965D3D1D0}.Debug|Xbox 360.Build.0 = Debug|Xbox 360
		{9899016C-1BAA-4082-B5F3-9C7965D3D1D0}.Release|Any CPU.ActiveCfg = Release|Xbox 360
		{9899016C-1BAA-4082-B5F3-9C7965D3D1D0}.Release|Mixed Platforms.ActiveCfg = Release|Xbox 360
		{9899016C-1BAA-4082-B5F3-9C7965D3D1D0}.Release|Mixed Platforms.Build.0 = Release|Xbox 360
		{9899016C-1BAA-4082-B5F3-9C7965D3D1D0}.Release|x86.ActiveCfg = Release|Xbox 360
		{9899016C-1BAA-4082-B5F3-9C7965D3D1D0}.Release|Xbox 360.ActiveCfg = Release|Xbox 360
		{9899016C-1BAA-4082-B5F3-9C7965D3D1D0}.Release|Xbox 360.Build.0 = Release|Xbox 360
		{173BA789-E626-4CFA-BC92-FE949C6D8525}.Debug|Any CPU.ActiveCfg = Debug|Xbox 360
		{173BA789-E626-4CFA-BC92-FE949C6D8525}.Debug|Mixed Platforms.ActiveCfg = Debug|Xbox 360
		{173BA789-E626-4CFA-BC92-FE949C6D8525}.Debug|Mixed Platforms.Build.0 = Debug|Xbox 360
		{173BA789-E626-4CFA-BC92-FE949C6D8525}.Debug|x86.ActiveCfg = Debug|Xbox 360
		{173BA789-E626-4CFA-BC92-FE949C6D8525}.Debug|Xbox 360.ActiveCfg = Debug|Xbox 360
		{173BA789-E626-4CFA-BC92-FE949C6D8525}.Debug|Xbox 360.Build.0 = Debug|Xbox 360
		{173BA789-E626-4CFA-BC92-FE949C6D8525}.Release|Any CPU.ActiveCfg = Release|Xbox 360
		{173BA789-E626-4CFA-BC92-FE949C6D8525}.Release|Mixed Platforms.ActiveCfg = Release|Xbox 360
		{173BA789-E626-4CFA-BC92-FE949C6D8525}.Release|Mixed Platforms.Build.0 = Release|Xbox 360
		{173BA789-E626-4CFA-BC92-FE949C6D8525}.Release|x86.ActiveCfg = Release|Xbox 360
		{173BA789-E626-4CFA-BC92-FE949C6D8525}.Release|Xbox 360.ActiveCfg = Release|Xbox 360
		{173BA789-E626-4CFA-BC92-FE949C6D8525}.Release|Xbox 360.Build.0 = Release|Xbox 360
		{E136A751-64DF-40EA-9B5E-0E6183164FFC}.Debug|Any CPU.ActiveCfg = Debug|Xbox 360
		{E136A751-64DF-40EA-9B5E-0E6183164FFC}.Debug|Mixed Platforms.ActiveCfg = Debug|Xbox 360
		{E136A751-64DF-40EA-9B5E-0E6183164FFC}.Debug|Mixed Platforms.Build.0 = Debug|Xbox 360
		{E136A751-64DF-40EA-9B5E-0E6183164FFC}.Debug|x86.ActiveCfg = Debug|Xbox 360
		{E136A751-64DF-40EA-9B5E-0E6183164FFC}.Debug|Xbox 360.ActiveCfg = Debug|Xbox 360
		{E136A751-64DF-40EA-9B5E-0E6183164FFC}.Debug|Xbox 360.Build.0 = Debug|Xbox 360
		{E136A751-64DF-40EA-9B5E-0E6183164FFC}.Release|Any CPU.ActiveCfg = Release|Xbox 360
		{E136A751-64DF-40EA-9B5E-0E6183164FFC}.Release|Mixed Platforms.ActiveCfg = Release|Xbox 360
		{E136A751-64DF-40EA-9B5E-0E6183164FFC}.Release|Mixed Platforms.Build.0 = Release|Xbox 360
		{E136A751-64DF-40EA-9B5E-0E6183164FFC}.Release|x86.ActiveCfg = Release|Xbox 360
		{E136A751-64DF-40EA-9B5E-0E6183164FFC}.Release|Xbox 360.ActiveCfg = Release|Xbox 360
		{E136A751-64DF-40EA-9B5E-0E6183164FFC}.Release|Xbox 360.Build.0 = Release|Xbox 360
		{30D55EF9-F9A0-4EF8-B18A-3173EE1676B4}.Debug|Any CPU.ActiveCfg = Debug|Xbox 360
		{30D55EF9-F9A0-4EF8-B18A-3173EE1676B4}.Debug|Mixed Platforms.ActiveCfg = Debug|Xbox 360
		{30D55EF9-F9A0-4EF8-B18A-3173EE1676B4}.Debug|Mixed Platforms.Build.0 = Debug|Xbox 360
		{30D55EF9-F9A0-4EF8-B18A-3173EE1676B4}.Debug|Mixed Platforms.Deploy.0 = Debug|Xbox 360
		{30D55EF9-F9A0-4EF8-B18A-3173EE1676B4}.Debug|x86.ActiveCfg = Debug|Xbox 360
		{30D55EF9-F9A0-4EF8-B18A-3173EE1676B4}.Debug|Xbox 360.ActiveCfg = Debug|Xbox 360
		{30D55EF9-F9A0-4EF8-B18A-3173EE1676B4}.Debug|Xbox 360.Build.0 = Debug|Xbox 360
		{30D55EF9-F9A0-4EF8-B18A-3173EE1676B4}.Debug|Xbox 360.Deploy.0 = Debug|Xbox 360
		{30D55EF9-F9A0-4EF8-B18A-3173EE1676B4}.Release|Any CPU.ActiveCfg = Release|Xbox 360
		{30D55EF9-F9A0-4EF8-B18A-3173EE1676B4}.Release|Mixed Platforms.ActiveCfg = Release|Xbox 360
		{30D55EF9-F9A0-4EF8-B18A-3173EE1676B4}.Release|Mixed Platforms.Build.0 = Release|Xbox 360
		{30D55EF9-F9A0-4EF8-B18A-3173EE1676B4}.Release|Mixed Platforms.Deploy.0 = Release|Xbox 360
		{30D55EF9-F9A0-4EF8-B18A-3173EE1676B4}.Release|x86.ActiveCfg = Release|Xbox 360
		{30D55EF9-F9A0-4EF8-B18A-3173EE1676B4}.Release|Xbox 360.ActiveCfg = Release|Xbox 360
		{30D55EF9-F9A0-4EF8-B18A-3173EE1676B4}.Release|Xbox 360.Build.0 = Release|Xbox 360
		{30D55EF9-F9A0-4EF8-B18A-3173EE1676B4}.Release|Xbox 360.Deploy.0 = Release|Xbox 360
	EndGlobalSection
	GlobalSection(SolutionProperties) = preSolution
		HideSolutionNode = FALSE
	EndGlobalSection
EndGlobal
